// !$*UTF8*$!
{
	archiveVersion = 1;
	classes = {
	};
	objectVersion = 50;
	objects = {

/* Begin PBXBuildFile section */
		6D7570EC20BFF6AB001CE86D /* AppDelegate.swift in Sources */ = {isa = PBXBuildFile; fileRef = 6D7570EB20BFF6AB001CE86D /* AppDelegate.swift */; };
		6D7570EE20BFF6AB001CE86D /* ViewController.swift in Sources */ = {isa = PBXBuildFile; fileRef = 6D7570ED20BFF6AB001CE86D /* ViewController.swift */; };
		6D7570F120BFF6AB001CE86D /* Main.storyboard in Resources */ = {isa = PBXBuildFile; fileRef = 6D7570EF20BFF6AB001CE86D /* Main.storyboard */; };
		6D7570F320BFF6AF001CE86D /* Assets.xcassets in Resources */ = {isa = PBXBuildFile; fileRef = 6D7570F220BFF6AF001CE86D /* Assets.xcassets */; };
		6D7570F620BFF6AF001CE86D /* LaunchScreen.storyboard in Resources */ = {isa = PBXBuildFile; fileRef = 6D7570F420BFF6AF001CE86D /* LaunchScreen.storyboard */; };
		6D75710120BFF6AF001CE86D /* maslulprojectTests.swift in Sources */ = {isa = PBXBuildFile; fileRef = 6D75710020BFF6AF001CE86D /* maslulprojectTests.swift */; };
		6D75710C20BFF6AF001CE86D /* maslulprojectUITests.swift in Sources */ = {isa = PBXBuildFile; fileRef = 6D75710B20BFF6AF001CE86D /* maslulprojectUITests.swift */; };
/* End PBXBuildFile section */

/* Begin PBXContainerItemProxy section */
		6D7570FD20BFF6AF001CE86D /* PBXContainerItemProxy */ = {
			isa = PBXContainerItemProxy;
			containerPortal = 6D7570E020BFF6AB001CE86D /* Project object */;
			proxyType = 1;
			remoteGlobalIDString = 6D7570E720BFF6AB001CE86D;
			remoteInfo = maslulproject;
		};
		6D75710820BFF6AF001CE86D /* PBXContainerItemProxy */ = {
			isa = PBXContainerItemProxy;
			containerPortal = 6D7570E020BFF6AB001CE86D /* Project object */;
			proxyType = 1;
			remoteGlobalIDString = 6D7570E720BFF6AB001CE86D;
			remoteInfo = maslulproject;
		};
/* End PBXContainerItemProxy section */

/* Begin PBXFileReference section */
		6D7570E820BFF6AB001CE86D /* maslulproject.app */ = {isa = PBXFileReference; explicitFileType = wrapper.application; includeInIndex = 0; path = maslulproject.app; sourceTree = BUILT_PRODUCTS_DIR; };
		6D7570EB20BFF6AB001CE86D /* AppDelegate.swift */ = {isa = PBXFileReference; lastKnownFileType = sourcecode.swift; path = AppDelegate.swift; sourceTree = "<group>"; };
		6D7570ED20BFF6AB001CE86D /* ViewController.swift */ = {isa = PBXFileReference; lastKnownFileType = sourcecode.swift; path = ViewController.swift; sourceTree = "<group>"; };
		6D7570F020BFF6AB001CE86D /* Base */ = {isa = PBXFileReference; lastKnownFileType = file.storyboard; name = Base; path = Base.lproj/Main.storyboard; sourceTree = "<group>"; };
		6D7570F220BFF6AF001CE86D /* Assets.xcassets */ = {isa = PBXFileReference; lastKnownFileType = folder.assetcatalog; path = Assets.xcassets; sourceTree = "<group>"; };
		6D7570F520BFF6AF001CE86D /* Base */ = {isa = PBXFileReference; lastKnownFileType = file.storyboard; name = Base; path = Base.lproj/LaunchScreen.storyboard; sourceTree = "<group>"; };
		6D7570F720BFF6AF001CE86D /* Info.plist */ = {isa = PBXFileReference; lastKnownFileType = text.plist.xml; path = Info.plist; sourceTree = "<group>"; };
		6D7570FC20BFF6AF001CE86D /* maslulprojectTests.xctest */ = {isa = PBXFileReference; explicitFileType = wrapper.cfbundle; includeInIndex = 0; path = maslulprojectTests.xctest; sourceTree = BUILT_PRODUCTS_DIR; };
		6D75710020BFF6AF001CE86D /* maslulprojectTests.swift */ = {isa = PBXFileReference; lastKnownFileType = sourcecode.swift; path = maslulprojectTests.swift; sourceTree = "<group>"; };
		6D75710220BFF6AF001CE86D /* Info.plist */ = {isa = PBXFileReference; lastKnownFileType = text.plist.xml; path = Info.plist; sourceTree = "<group>"; };
		6D75710720BFF6AF001CE86D /* maslulprojectUITests.xctest */ = {isa = PBXFileReference; explicitFileType = wrapper.cfbundle; includeInIndex = 0; path = maslulprojectUITests.xctest; sourceTree = BUILT_PRODUCTS_DIR; };
		6D75710B20BFF6AF001CE86D /* maslulprojectUITests.swift */ = {isa = PBXFileReference; lastKnownFileType = sourcecode.swift; path = maslulprojectUITests.swift; sourceTree = "<group>"; };
		6D75710D20BFF6AF001CE86D /* Info.plist */ = {isa = PBXFileReference; lastKnownFileType = text.plist.xml; path = Info.plist; sourceTree = "<group>"; };
/* End PBXFileReference section */

/* Begin PBXFrameworksBuildPhase section */
		6D7570E520BFF6AB001CE86D /* Frameworks */ = {
			isa = PBXFrameworksBuildPhase;
			buildActionMask = 2147483647;
			files = (
			);
			runOnlyForDeploymentPostprocessing = 0;
		};
		6D7570F920BFF6AF001CE86D /* Frameworks */ = {
			isa = PBXFrameworksBuildPhase;
			buildActionMask = 2147483647;
			files = (
			);
			runOnlyForDeploymentPostprocessing = 0;
		};
		6D75710420BFF6AF001CE86D /* Frameworks */ = {
			isa = PBXFrameworksBuildPhase;
			buildActionMask = 2147483647;
			files = (
			);
			runOnlyForDeploymentPostprocessing = 0;
		};
/* End PBXFrameworksBuildPhase section */

/* Begin PBXGroup section */
		6D7570DF20BFF6AB001CE86D = {
			isa = PBXGroup;
			children = (
				6D7570EA20BFF6AB001CE86D /* maslulproject */,
				6D7570FF20BFF6AF001CE86D /* maslulprojectTests */,
				6D75710A20BFF6AF001CE86D /* maslulprojectUITests */,
				6D7570E920BFF6AB001CE86D /* Products */,
			);
			sourceTree = "<group>";
		};
		6D7570E920BFF6AB001CE86D /* Products */ = {
			isa = PBXGroup;
			children = (
				6D7570E820BFF6AB001CE86D /* maslulproject.app */,
				6D7570FC20BFF6AF001CE86D /* maslulprojectTests.xctest */,
				6D75710720BFF6AF001CE86D /* maslulprojectUITests.xctest */,
			);
			name = Products;
			sourceTree = "<group>";
		};
		6D7570EA20BFF6AB001CE86D /* maslulproject */ = {
			isa = PBXGroup;
			children = (
				6D7570EB20BFF6AB001CE86D /* AppDelegate.swift */,
				6D7570ED20BFF6AB001CE86D /* ViewController.swift */,
				6D7570EF20BFF6AB001CE86D /* Main.storyboard */,
				6D7570F220BFF6AF001CE86D /* Assets.xcassets */,
				6D7570F420BFF6AF001CE86D /* LaunchScreen.storyboard */,
				6D7570F720BFF6AF001CE86D /* Info.plist */,
			);
			path = maslulproject;
			sourceTree = "<group>";
		};
		6D7570FF20BFF6AF001CE86D /* maslulprojectTests */ = {
			isa = PBXGroup;
			children = (
				6D75710020BFF6AF001CE86D /* maslulprojectTests.swift */,
				6D75710220BFF6AF001CE86D /* Info.plist */,
			);
			path = maslulprojectTests;
			sourceTree = "<group>";
		};
		6D75710A20BFF6AF001CE86D /* maslulprojectUITests */ = {
			isa = PBXGroup;
			children = (
				6D75710B20BFF6AF001CE86D /* maslulprojectUITests.swift */,
				6D75710D20BFF6AF001CE86D /* Info.plist */,
			);
			path = maslulprojectUITests;
			sourceTree = "<group>";
		};
/* End PBXGroup section */

/* Begin PBXNativeTarget section */
		6D7570E720BFF6AB001CE86D /* maslulproject */ = {
			isa = PBXNativeTarget;
			buildConfigurationList = 6D75711020BFF6AF001CE86D /* Build configuration list for PBXNativeTarget "maslulproject" */;
			buildPhases = (
				6D7570E420BFF6AB001CE86D /* Sources */,
				6D7570E520BFF6AB001CE86D /* Frameworks */,
				6D7570E620BFF6AB001CE86D /* Resources */,
			);
			buildRules = (
			);
			dependencies = (
			);
			name = maslulproject;
			productName = maslulproject;
			productReference = 6D7570E820BFF6AB001CE86D /* maslulproject.app */;
			productType = "com.apple.product-type.application";
		};
		6D7570FB20BFF6AF001CE86D /* maslulprojectTests */ = {
			isa = PBXNativeTarget;
			buildConfigurationList = 6D75711320BFF6AF001CE86D /* Build configuration list for PBXNativeTarget "maslulprojectTests" */;
			buildPhases = (
				6D7570F820BFF6AF001CE86D /* Sources */,
				6D7570F920BFF6AF001CE86D /* Frameworks */,
				6D7570FA20BFF6AF001CE86D /* Resources */,
			);
			buildRules = (
			);
			dependencies = (
				6D7570FE20BFF6AF001CE86D /* PBXTargetDependency */,
			);
			name = maslulprojectTests;
			productName = maslulprojectTests;
			productReference = 6D7570FC20BFF6AF001CE86D /* maslulprojectTests.xctest */;
			productType = "com.apple.product-type.bundle.unit-test";
		};
		6D75710620BFF6AF001CE86D /* maslulprojectUITests */ = {
			isa = PBXNativeTarget;
			buildConfigurationList = 6D75711620BFF6AF001CE86D /* Build configuration list for PBXNativeTarget "maslulprojectUITests" */;
			buildPhases = (
				6D75710320BFF6AF001CE86D /* Sources */,
				6D75710420BFF6AF001CE86D /* Frameworks */,
				6D75710520BFF6AF001CE86D /* Resources */,
			);
			buildRules = (
			);
			dependencies = (
				6D75710920BFF6AF001CE86D /* PBXTargetDependency */,
			);
			name = maslulprojectUITests;
			productName = maslulprojectUITests;
			productReference = 6D75710720BFF6AF001CE86D /* maslulprojectUITests.xctest */;
			productType = "com.apple.product-type.bundle.ui-testing";
		};
/* End PBXNativeTarget section */

/* Begin PBXProject section */
		6D7570E020BFF6AB001CE86D /* Project object */ = {
			isa = PBXProject;
			attributes = {
				LastSwiftUpdateCheck = 0930;
				LastUpgradeCheck = 0930;
				ORGANIZATIONNAME = "Leena Erhayel";
				TargetAttributes = {
					6D7570E720BFF6AB001CE86D = {
						CreatedOnToolsVersion = 9.3;
					};
					6D7570FB20BFF6AF001CE86D = {
						CreatedOnToolsVersion = 9.3;
						TestTargetID = 6D7570E720BFF6AB001CE86D;
					};
					6D75710620BFF6AF001CE86D = {
						CreatedOnToolsVersion = 9.3;
						TestTargetID = 6D7570E720BFF6AB001CE86D;
					};
				};
			};
			buildConfigurationList = 6D7570E320BFF6AB001CE86D /* Build configuration list for PBXProject "maslulproject" */;
			compatibilityVersion = "Xcode 9.3";
			developmentRegion = en;
			hasScannedForEncodings = 0;
			knownRegions = (
				en,
				Base,
			);
			mainGroup = 6D7570DF20BFF6AB001CE86D;
			productRefGroup = 6D7570E920BFF6AB001CE86D /* Products */;
			projectDirPath = "";
			projectRoot = "";
			targets = (
				6D7570E720BFF6AB001CE86D /* maslulproject */,
				6D7570FB20BFF6AF001CE86D /* maslulprojectTests */,
				6D75710620BFF6AF001CE86D /* maslulprojectUITests */,
			);
		};
/* End PBXProject section */

/* Begin PBXResourcesBuildPhase section */
		6D7570E620BFF6AB001CE86D /* Resources */ = {
			isa = PBXResourcesBuildPhase;
			buildActionMask = 2147483647;
			files = (
				6D7570F620BFF6AF001CE86D /* LaunchScreen.storyboard in Resources */,
				6D7570F320BFF6AF001CE86D /* Assets.xcassets in Resources */,
				6D7570F120BFF6AB001CE86D /* Main.storyboard in Resources */,
			);
			runOnlyForDeploymentPostprocessing = 0;
		};
		6D7570FA20BFF6AF001CE86D /* Resources */ = {
			isa = PBXResourcesBuildPhase;
			buildActionMask = 2147483647;
			files = (
			);
			runOnlyForDeploymentPostprocessing = 0;
		};
		6D75710520BFF6AF001CE86D /* Resources */ = {
			isa = PBXResourcesBuildPhase;
			buildActionMask = 2147483647;
			files = (
			);
			runOnlyForDeploymentPostprocessing = 0;
		};
/* End PBXResourcesBuildPhase section */

/* Begin PBXSourcesBuildPhase section */
		6D7570E420BFF6AB001CE86D /* Sources */ = {
			isa = PBXSourcesBuildPhase;
			buildActionMask = 2147483647;
			files = (
				6D7570EE20BFF6AB001CE86D /* ViewController.swift in Sources */,
				6D7570EC20BFF6AB001CE86D /* AppDelegate.swift in Sources */,
			);
			runOnlyForDeploymentPostprocessing = 0;
		};
		6D7570F820BFF6AF001CE86D /* Sources */ = {
			isa = PBXSourcesBuildPhase;
			buildActionMask = 2147483647;
			files = (
				6D75710120BFF6AF001CE86D /* maslulprojectTests.swift in Sources */,
			);
			runOnlyForDeploymentPostprocessing = 0;
		};
		6D75710320BFF6AF001CE86D /* Sources */ = {
			isa = PBXSourcesBuildPhase;
			buildActionMask = 2147483647;
			files = (
				6D75710C20BFF6AF001CE86D /* maslulprojectUITests.swift in Sources */,
			);
			runOnlyForDeploymentPostprocessing = 0;
		};
/* End PBXSourcesBuildPhase section */

/* Begin PBXTargetDependency section */
		6D7570FE20BFF6AF001CE86D /* PBXTargetDependency */ = {
			isa = PBXTargetDependency;
			target = 6D7570E720BFF6AB001CE86D /* maslulproject */;
			targetProxy = 6D7570FD20BFF6AF001CE86D /* PBXContainerItemProxy */;
		};
		6D75710920BFF6AF001CE86D /* PBXTargetDependency */ = {
			isa = PBXTargetDependency;
			target = 6D7570E720BFF6AB001CE86D /* maslulproject */;
			targetProxy = 6D75710820BFF6AF001CE86D /* PBXContainerItemProxy */;
		};
/* End PBXTargetDependency section */

/* Begin PBXVariantGroup section */
		6D7570EF20BFF6AB001CE86D /* Main.storyboard */ = {
			isa = PBXVariantGroup;
			children = (
				6D7570F020BFF6AB001CE86D /* Base */,
			);
			name = Main.storyboard;
			sourceTree = "<group>";
		};
		6D7570F420BFF6AF001CE86D /* LaunchScreen.storyboard */ = {
			isa = PBXVariantGroup;
			children = (
				6D7570F520BFF6AF001CE86D /* Base */,
			);
			name = LaunchScreen.storyboard;
			sourceTree = "<group>";
		};
/* End PBXVariantGroup section */

/* Begin XCBuildConfiguration section */
		6D75710E20BFF6AF001CE86D /* Debug */ = {
			isa = XCBuildConfiguration;
			buildSettings = {
				ALWAYS_SEARCH_USER_PATHS = NO;
				CLANG_ANALYZER_NONNULL = YES;
				CLANG_ANALYZER_NUMBER_OBJECT_CONVERSION = YES_AGGRESSIVE;
				CLANG_CXX_LANGUAGE_STANDARD = "gnu++14";
				CLANG_CXX_LIBRARY = "libc++";
				CLANG_ENABLE_MODULES = YES;
				CLANG_ENABLE_OBJC_ARC = YES;
				CLANG_ENABLE_OBJC_WEAK = YES;
				CLANG_WARN_BLOCK_CAPTURE_AUTORELEASING = YES;
				CLANG_WARN_BOOL_CONVERSION = YES;
				CLANG_WARN_COMMA = YES;
				CLANG_WARN_CONSTANT_CONVERSION = YES;
				CLANG_WARN_DEPRECATED_OBJC_IMPLEMENTATIONS = YES;
				CLANG_WARN_DIRECT_OBJC_ISA_USAGE = YES_ERROR;
				CLANG_WARN_DOCUMENTATION_COMMENTS = YES;
				CLANG_WARN_EMPTY_BODY = YES;
				CLANG_WARN_ENUM_CONVERSION = YES;
				CLANG_WARN_INFINITE_RECURSION = YES;
				CLANG_WARN_INT_CONVERSION = YES;
				CLANG_WARN_NON_LITERAL_NULL_CONVERSION = YES;
				CLANG_WARN_OBJC_IMPLICIT_RETAIN_SELF = YES;
				CLANG_WARN_OBJC_LITERAL_CONVERSION = YES;
				CLANG_WARN_OBJC_ROOT_CLASS = YES_ERROR;
				CLANG_WARN_RANGE_LOOP_ANALYSIS = YES;
				CLANG_WARN_STRICT_PROTOTYPES = YES;
				CLANG_WARN_SUSPICIOUS_MOVE = YES;
				CLANG_WARN_UNGUARDED_AVAILABILITY = YES_AGGRESSIVE;
				CLANG_WARN_UNREACHABLE_CODE = YES;
				CLANG_WARN__DUPLICATE_METHOD_MATCH = YES;
				CODE_SIGN_IDENTITY = "iPhone Developer";
				COPY_PHASE_STRIP = NO;
				DEBUG_INFORMATION_FORMAT = dwarf;
				ENABLE_STRICT_OBJC_MSGSEND = YES;
				ENABLE_TESTABILITY = YES;
				GCC_C_LANGUAGE_STANDARD = gnu11;
				GCC_DYNAMIC_NO_PIC = NO;
				GCC_NO_COMMON_BLOCKS = YES;
				GCC_OPTIMIZATION_LEVEL = 0;
				GCC_PREPROCESSOR_DEFINITIONS = (
					"DEBUG=1",
					"$(inherited)",
				);
				GCC_WARN_64_TO_32_BIT_CONVERSION = YES;
				GCC_WARN_ABOUT_RETURN_TYPE = YES_ERROR;
				GCC_WARN_UNDECLARED_SELECTOR = YES;
				GCC_WARN_UNINITIALIZED_AUTOS = YES_AGGRESSIVE;
				GCC_WARN_UNUSED_FUNCTION = YES;
				GCC_WARN_UNUSED_VARIABLE = YES;
				IPHONEOS_DEPLOYMENT_TARGET = 11.3;
				MTL_ENABLE_DEBUG_INFO = YES;
				ONLY_ACTIVE_ARCH = YES;
				SDKROOT = iphoneos;
				SWIFT_ACTIVE_COMPILATION_CONDITIONS = DEBUG;
				SWIFT_OPTIMIZATION_LEVEL = "-Onone";
			};
			name = Debug;
		};
		6D75710F20BFF6AF001CE86D /* Release */ = {
			isa = XCBuildConfiguration;
			buildSettings = {
				ALWAYS_SEARCH_USER_PATHS = NO;
				CLANG_ANALYZER_NONNULL = YES;
				CLANG_ANALYZER_NUMBER_OBJECT_CONVERSION = YES_AGGRESSIVE;
				CLANG_CXX_LANGUAGE_STANDARD = "gnu++14";
				CLANG_CXX_LIBRARY = "libc++";
				CLANG_ENABLE_MODULES = YES;
				CLANG_ENABLE_OBJC_ARC = YES;
				CLANG_ENABLE_OBJC_WEAK = YES;
				CLANG_WARN_BLOCK_CAPTURE_AUTORELEASING = YES;
				CLANG_WARN_BOOL_CONVERSION = YES;
				CLANG_WARN_COMMA = YES;
				CLANG_WARN_CONSTANT_CONVERSION = YES;
				CLANG_WARN_DEPRECATED_OBJC_IMPLEMENTATIONS = YES;
				CLANG_WARN_DIRECT_OBJC_ISA_USAGE = YES_ERROR;
				CLANG_WARN_DOCUMENTATION_COMMENTS = YES;
				CLANG_WARN_EMPTY_BODY = YES;
				CLANG_WARN_ENUM_CONVERSION = YES;
				CLANG_WARN_INFINITE_RECURSION = YES;
				CLANG_WARN_INT_CONVERSION = YES;
				CLANG_WARN_NON_LITERAL_NULL_CONVERSION = YES;
				CLANG_WARN_OBJC_IMPLICIT_RETAIN_SELF = YES;
				CLANG_WARN_OBJC_LITERAL_CONVERSION = YES;
				CLANG_WARN_OBJC_ROOT_CLASS = YES_ERROR;
				CLANG_WARN_RANGE_LOOP_ANALYSIS = YES;
				CLANG_WARN_STRICT_PROTOTYPES = YES;
				CLANG_WARN_SUSPICIOUS_MOVE = YES;
				CLANG_WARN_UNGUARDED_AVAILABILITY = YES_AGGRESSIVE;
				CLANG_WARN_UNREACHABLE_CODE = YES;
				CLANG_WARN__DUPLICATE_METHOD_MATCH = YES;
				CODE_SIGN_IDENTITY = "iPhone Developer";
				COPY_PHASE_STRIP = NO;
				DEBUG_INFORMATION_FORMAT = "dwarf-with-dsym";
				ENABLE_NS_ASSERTIONS = NO;
				ENABLE_STRICT_OBJC_MSGSEND = YES;
				GCC_C_LANGUAGE_STANDARD = gnu11;
				GCC_NO_COMMON_BLOCKS = YES;
				GCC_WARN_64_TO_32_BIT_CONVERSION = YES;
				GCC_WARN_ABOUT_RETURN_TYPE = YES_ERROR;
				GCC_WARN_UNDECLARED_SELECTOR = YES;
				GCC_WARN_UNINITIALIZED_AUTOS = YES_AGGRESSIVE;
				GCC_WARN_UNUSED_FUNCTION = YES;
				GCC_WARN_UNUSED_VARIABLE = YES;
				IPHONEOS_DEPLOYMENT_TARGET = 11.3;
				MTL_ENABLE_DEBUG_INFO = NO;
				SDKROOT = iphoneos;
				SWIFT_COMPILATION_MODE = wholemodule;
				SWIFT_OPTIMIZATION_LEVEL = "-O";
				VALIDATE_PRODUCT = YES;
			};
			name = Release;
		};
		6D75711120BFF6AF001CE86D /* Debug */ = {
			isa = XCBuildConfiguration;
			buildSettings = {
				ASSETCATALOG_COMPILER_APPICON_NAME = AppIcon;
				CODE_SIGN_STYLE = Automatic;
				INFOPLIST_FILE = maslulproject/Info.plist;
				LD_RUNPATH_SEARCH_PATHS = (
					"$(inherited)",
					"@executable_path/Frameworks",
				);
				PRODUCT_BUNDLE_IDENTIFIER = Erhayel.maslulproject;
				PRODUCT_NAME = "$(TARGET_NAME)";
				SWIFT_VERSION = 4.0;
				TARGETED_DEVICE_FAMILY = "1,2";
			};
			name = Debug;
		};
		6D75711220BFF6AF001CE86D /* Release */ = {
			isa = XCBuildConfiguration;
			buildSettings = {
				ASSETCATALOG_COMPILER_APPICON_NAME = AppIcon;
				CODE_SIGN_STYLE = Automatic;
				INFOPLIST_FILE = maslulproject/Info.plist;
				LD_RUNPATH_SEARCH_PATHS = (
					"$(inherited)",
					"@executable_path/Frameworks",
				);
				PRODUCT_BUNDLE_IDENTIFIER = Erhayel.maslulproject;
				PRODUCT_NAME = "$(TARGET_NAME)";
				SWIFT_VERSION = 4.0;
				TARGETED_DEVICE_FAMILY = "1,2";
			};
			name = Release;
		};
		6D75711420BFF6AF001CE86D /* Debug */ = {
			isa = XCBuildConfiguration;
			buildSettings = {
				ALWAYS_EMBED_SWIFT_STANDARD_LIBRARIES = YES;
				BUNDLE_LOADER = "$(TEST_HOST)";
				CODE_SIGN_STYLE = Automatic;
				INFOPLIST_FILE = maslulprojectTests/Info.plist;
				LD_RUNPATH_SEARCH_PATHS = (
					"$(inherited)",
					"@executable_path/Frameworks",
					"@loader_path/Frameworks",
				);
				PRODUCT_BUNDLE_IDENTIFIER = Erhayel.maslulprojectTests;
				PRODUCT_NAME = "$(TARGET_NAME)";
				SWIFT_VERSION = 4.0;
				TARGETED_DEVICE_FAMILY = "1,2";
				TEST_HOST = "$(BUILT_PRODUCTS_DIR)/maslulproject.app/maslulproject";
			};
			name = Debug;
		};
		6D75711520BFF6AF001CE86D /* Release */ = {
			isa = XCBuildConfiguration;
			buildSettings = {
				ALWAYS_EMBED_SWIFT_STANDARD_LIBRARIES = YES;
				BUNDLE_LOADER = "$(TEST_HOST)";
				CODE_SIGN_STYLE = Automatic;
				INFOPLIST_FILE = maslulprojectTests/Info.plist;
				LD_RUNPATH_SEARCH_PATHS = (
					"$(inherited)",
					"@executable_path/Frameworks",
					"@loader_path/Frameworks",
				);
				PRODUCT_BUNDLE_IDENTIFIER = Erhayel.maslulprojectTests;
				PRODUCT_NAME = "$(TARGET_NAME)";
				SWIFT_VERSION = 4.0;
				TARGETED_DEVICE_FAMILY = "1,2";
				TEST_HOST = "$(BUILT_PRODUCTS_DIR)/maslulproject.app/maslulproject";
			};
			name = Release;
		};
		6D75711720BFF6AF001CE86D /* Debug */ = {
			isa = XCBuildConfiguration;
			buildSettings = {
				ALWAYS_EMBED_SWIFT_STANDARD_LIBRARIES = YES;
				CODE_SIGN_STYLE = Automatic;
				INFOPLIST_FILE = maslulprojectUITests/Info.plist;
				LD_RUNPATH_SEARCH_PATHS = (
					"$(inherited)",
					"@executable_path/Frameworks",
					"@loader_path/Frameworks",
				);
				PRODUCT_BUNDLE_IDENTIFIER = Erhayel.maslulprojectUITests;
				PRODUCT_NAME = "$(TARGET_NAME)";
				SWIFT_VERSION = 4.0;
				TARGETED_DEVICE_FAMILY = "1,2";
				TEST_TARGET_NAME = maslulproject;
			};
			name = Debug;
		};
		6D75711820BFF6AF001CE86D /* Release */ = {
			isa = XCBuildConfiguration;
			buildSettings = {
				ALWAYS_EMBED_SWIFT_STANDARD_LIBRARIES = YES;
				CODE_SIGN_STYLE = Automatic;
				INFOPLIST_FILE = maslulprojectUITests/Info.plist;
				LD_RUNPATH_SEARCH_PATHS = (
					"$(inherited)",
					"@executable_path/Frameworks",
					"@loader_path/Frameworks",
				);
				PRODUCT_BUNDLE_IDENTIFIER = Erhayel.maslulprojectUITests;
				PRODUCT_NAME = "$(TARGET_NAME)";
				SWIFT_VERSION = 4.0;
				TARGETED_DEVICE_FAMILY = "1,2";
				TEST_TARGET_NAME = maslulproject;
			};
			name = Release;
		};
/* End XCBuildConfiguration section */

/* Begin XCConfigurationList section */
		6D7570E320BFF6AB001CE86D /* Build configuration list for PBXProject "maslulproject" */ = {
			isa = XCConfigurationList;
			buildConfigurations = (
				6D75710E20BFF6AF001CE86D /* Debug */,
				6D75710F20BFF6AF001CE86D /* Release */,
			);
			defaultConfigurationIsVisible = 0;
			defaultConfigurationName = Release;
		};
		6D75711020BFF6AF001CE86D /* Build configuration list for PBXNativeTarget "maslulproject" */ = {
			isa = XCConfigurationList;
			buildConfigurations = (
				6D75711120BFF6AF001CE86D /* Debug */,
				6D75711220BFF6AF001CE86D /* Release */,
			);
			defaultConfigurationIsVisible = 0;
			defaultConfigurationName = Release;
		};
		6D75711320BFF6AF001CE86D /* Build configuration list for PBXNativeTarget "maslulprojectTests" */ = {
			isa = XCConfigurationList;
			buildConfigurations = (
				6D75711420BFF6AF001CE86D /* Debug */,
				6D75711520BFF6AF001CE86D /* Release */,
			);
			defaultConfigurationIsVisible = 0;
			defaultConfigurationName = Release;
		};
		6D75711620BFF6AF001CE86D /* Build configuration list for PBXNativeTarget "maslulprojectUITests" */ = {
			isa = XCConfigurationList;
			buildConfigurations = (
				6D75711720BFF6AF001CE86D /* Debug */,
				6D75711820BFF6AF001CE86D /* Release */,
			);
			defaultConfigurationIsVisible = 0;
			defaultConfigurationName = Release;
		};
/* End XCConfigurationList section */
	};
	rootObject = 6D7570E020BFF6AB001CE86D /* Project object */;
}
